{
  "nodes": {
    "darwin": {
      "inputs": {
        "nixpkgs": [
          "nixpkgs"
        ]
      },
      "locked": {
        "lastModified": 1736819234,
        "narHash": "sha256-deQVtIH4UJueELJqluAICUtX7OosD9paTP+5FgbiSwI=",
        "owner": "LnL7",
        "repo": "nix-darwin",
        "rev": "bd921223ba7cdac346477d7ea5204d6f4736fcc6",
        "type": "github"
      },
      "original": {
        "owner": "LnL7",
        "repo": "nix-darwin",
        "type": "github"
      }
    },
    "flake-compat": {
      "flake": false,
      "locked": {
        "lastModified": 1733328505,
        "narHash": "sha256-NeCCThCEP3eCl2l/+27kNNK7QrwZB1IJCrXfrbv5oqU=",
        "owner": "edolstra",
        "repo": "flake-compat",
        "rev": "ff81ac966bb2cae68946d5ed5fc4994f96d0ffec",
        "type": "github"
      },
      "original": {
        "owner": "edolstra",
        "repo": "flake-compat",
        "type": "github"
      }
    },
    "home-manager": {
      "inputs": {
        "nixpkgs": [
          "nixpkgs"
        ]
      },
      "locked": {
        "lastModified": 1736883540,
        "narHash": "sha256-dgPgoPUSg8cGAMqbhQRkww665sZtgzpWXxWjlyqhv94=",
        "owner": "nix-community",
        "repo": "home-manager",
        "rev": "0dfec9deb275854a56c97c356c40ef72e3a2e632",
        "type": "github"
      },
      "original": {
        "owner": "nix-community",
        "repo": "home-manager",
        "type": "github"
      }
    },
    "nixpkgs": {
      "locked": {
        "lastModified": 1737044036,
        "narHash": "sha256-rja4j6N8wa+QgWiG7yxaIWDEA6nHXiktZ1hLWX89wcs=",
        "owner": "NixOS",
        "repo": "nixpkgs",
        "rev": "4681fd22d6f7de7f2ba74267b9819b69a39d6038",
        "type": "github"
      },
      "original": {
        "owner": "NixOS",
        "repo": "nixpkgs",
        "type": "github"
      }
    },
    "root": {
      "inputs": {
        "darwin": "darwin",
        "home-manager": "home-manager",
        "nixpkgs": "nixpkgs",
        "spicetify-nix": "spicetify-nix"
      }
    },
    "spicetify-nix": {
      "inputs": {
        "flake-compat": "flake-compat",
        "nixpkgs": [
          "nixpkgs"
        ]
      },
      "locked": {
        "lastModified": 1737000920,
        "narHash": "sha256-o3dtkMm7M/CPCZ0G3MsK3Mv+KqcJEvP4wYR2iLrpPrs=",
        "owner": "Gerg-L",
        "repo": "spicetify-nix",
        "rev": "cd004cdd2af21f7840a28566cd5e32ca71b73aa7",
        "type": "github"
      },
      "original": {
        "owner": "Gerg-L",
        "repo": "spicetify-nix",
        "type": "github"
      }
    }
  },
  "root": "root",
  "version": 7
}
